
Microsoft Visual Studio Solution File, Format Version 12.00
# Visual Studio Version 17
VisualStudioVersion = 17.14.36616.10 d17.14
MinimumVisualStudioVersion = 10.0.40219.1
Project("{FAE04EC0-301F-11D3-BF4B-00C04F79EFBC}") = "TP2.EX2.C#", "TP2.EX2.C#\TP2.EX2.C#.csproj", "{9DBBC597-A0EA-4F0C-9C1E-AE4E3014AFA4}"
EndProject
Global
	GlobalSection(SolutionConfigurationPlatforms) = preSolution
		Debug|Any CPU = Debug|Any CPU
		Release|Any CPU = Release|Any CPU
	EndGlobalSection
	GlobalSection(ProjectConfigurationPlatforms) = postSolution
		{9DBBC597-A0EA-4F0C-9C1E-AE4E3014AFA4}.Debug|Any CPU.ActiveCfg = Debug|Any CPU
		{9DBBC597-A0EA-4F0C-9C1E-AE4E3014AFA4}.Debug|Any CPU.Build.0 = Debug|Any CPU
		{9DBBC597-A0EA-4F0C-9C1E-AE4E3014AFA4}.Release|Any CPU.ActiveCfg = Release|Any CPU
		{9DBBC597-A0EA-4F0C-9C1E-AE4E3014AFA4}.Release|Any CPU.Build.0 = Release|Any CPU
	EndGlobalSection
	GlobalSection(SolutionProperties) = preSolution
		HideSolutionNode = FALSE
	EndGlobalSection
	GlobalSection(ExtensibilityGlobals) = postSolution
		SolutionGuid = {F1871EEC-61B7-49A6-8E48-705CF42C5F43}
	EndGlobalSection
EndGlobal
